
Microsoft Visual Studio Solution File, Format Version 12.00
# Visual Studio 2013
VisualStudioVersion = 12.0.30723.0
MinimumVisualStudioVersion = 10.0.40219.1
Project("{FAE04EC0-301F-11D3-BF4B-00C04F79EFBC}") = "VehicleListingSystem.Data", "VehicleListingSystem.Data\VehicleListingSystem.Data.csproj", "{C2145E62-6BD4-45E5-B716-9A78956D3B2A}"
EndProject
Project("{FAE04EC0-301F-11D3-BF4B-00C04F79EFBC}") = "VehicleListingSystem.MVC", "VehicleListingSystem.MVC\VehicleListingSystem.MVC.csproj", "{46BCFE8D-AACA-4474-9842-3674E3BB963B}"
EndProject
Global
	GlobalSection(SolutionConfigurationPlatforms) = preSolution
		Debug|Any CPU = Debug|Any CPU
		Release|Any CPU = Release|Any CPU
	EndGlobalSection
	GlobalSection(ProjectConfigurationPlatforms) = postSolution
		{C2145E62-6BD4-45E5-B716-9A78956D3B2A}.Debug|Any CPU.ActiveCfg = Debug|Any CPU
		{C2145E62-6BD4-45E5-B716-9A78956D3B2A}.Debug|Any CPU.Build.0 = Debug|Any CPU
		{C2145E62-6BD4-45E5-B716-9A78956D3B2A}.Release|Any CPU.ActiveCfg = Release|Any CPU
		{C2145E62-6BD4-45E5-B716-9A78956D3B2A}.Release|Any CPU.Build.0 = Release|Any CPU
		{46BCFE8D-AACA-4474-9842-3674E3BB963B}.Debug|Any CPU.ActiveCfg = Debug|Any CPU
		{46BCFE8D-AACA-4474-9842-3674E3BB963B}.Debug|Any CPU.Build.0 = Debug|Any CPU
		{46BCFE8D-AACA-4474-9842-3674E3BB963B}.Release|Any CPU.ActiveCfg = Release|Any CPU
		{46BCFE8D-AACA-4474-9842-3674E3BB963B}.Release|Any CPU.Build.0 = Release|Any CPU
	EndGlobalSection
	GlobalSection(SolutionProperties) = preSolution
		HideSolutionNode = FALSE
	EndGlobalSection
EndGlobal
