
Microsoft Visual Studio Solution File, Format Version 12.00
# Visual Studio 2013
VisualStudioVersion = 12.0.21005.1
MinimumVisualStudioVersion = 10.0.40219.1
Project("{FAE04EC0-301F-11D3-BF4B-00C04F79EFBC}") = "01. ExtractArtirstsFromXml", "ExtractArtirstsFromXml\01. ExtractArtirstsFromXml.csproj", "{A3A87065-FE7B-4675-8951-86AEDEAADE2A}"
EndProject
Project("{FAE04EC0-301F-11D3-BF4B-00C04F79EFBC}") = "02. ExtractsArtistsFromXmlUsingXpath", "ExtractsArtistsFromXmlUsingXpath\02. ExtractsArtistsFromXmlUsingXpath.csproj", "{EB3969D1-5DD5-4C56-BCF8-3A303A249861}"
EndProject
Project("{FAE04EC0-301F-11D3-BF4B-00C04F79EFBC}") = "03. DeleteAlbumsOverPrice", "DeleteAlbumsOverPrice\03. DeleteAlbumsOverPrice.csproj", "{5F11DC6C-C9E7-4A02-8332-EB0956F2B7CC}"
EndProject
Project("{FAE04EC0-301F-11D3-BF4B-00C04F79EFBC}") = "04. ExtractAllSongTitle", "ExtractAllSongTitle\04. ExtractAllSongTitle.csproj", "{AFFF49BF-ACA4-4373-9B7F-7ACF58612371}"
EndProject
Project("{FAE04EC0-301F-11D3-BF4B-00C04F79EFBC}") = "05. ExtractAllSongTitlesWithXDocument", "ExtractAllSongTitlesWithXDocument\05. ExtractAllSongTitlesWithXDocument.csproj", "{6E50B3A8-909D-45A4-950D-0647920DC783}"
EndProject
Project("{FAE04EC0-301F-11D3-BF4B-00C04F79EFBC}") = "06. GenerateXmlFromTextFile", "GenerateXmlFromTextFile\06. GenerateXmlFromTextFile.csproj", "{9F7C8C1A-F360-4F1D-9ECE-6F445E158377}"
EndProject
Project("{FAE04EC0-301F-11D3-BF4B-00C04F79EFBC}") = "07. CreateAlbumXmlFromCatalogXml", "CreateAlbumXmlFromCatalogXml\07. CreateAlbumXmlFromCatalogXml.csproj", "{E36C45B7-85E1-438D-B7F5-51E19C28E131}"
EndProject
Project("{FAE04EC0-301F-11D3-BF4B-00C04F79EFBC}") = "08. DirectoryStructureToXml", "DirectoryStructureToXml\08. DirectoryStructureToXml.csproj", "{05861F11-344B-4D03-9951-F54CE6D9497E}"
EndProject
Project("{FAE04EC0-301F-11D3-BF4B-00C04F79EFBC}") = "09. DirectoryStructureToXmlWithXDocument", "DirectoryStructureToXmlWithXDocument\09. DirectoryStructureToXmlWithXDocument.csproj", "{24429C18-79CC-4160-81A1-46409118CEBF}"
EndProject
Project("{FAE04EC0-301F-11D3-BF4B-00C04F79EFBC}") = "10. ExtractSongsByYear", "ExtractSongsByYear\10. ExtractSongsByYear.csproj", "{649264A9-D2EA-46A3-B13A-227FE0D565BC}"
EndProject
Project("{FAE04EC0-301F-11D3-BF4B-00C04F79EFBC}") = "11. ExtractSongByYearWithLinq", "ExtractSongByYearWithLinq\11. ExtractSongByYearWithLinq.csproj", "{26ACA0C7-6A84-4FC1-8154-E3204283FC48}"
EndProject
Project("{FAE04EC0-301F-11D3-BF4B-00C04F79EFBC}") = "12. XslTransform", "XslTransform\12. XslTransform.csproj", "{A6F4E52A-5024-4E3A-8BD0-92661C0A62BB}"
EndProject
Project("{FAE04EC0-301F-11D3-BF4B-00C04F79EFBC}") = "13. XsdValidation", "XsdValidation\13. XsdValidation.csproj", "{834FCB1D-396D-4F79-95B1-30A57290F089}"
EndProject
Global
	GlobalSection(SolutionConfigurationPlatforms) = preSolution
		Debug|Any CPU = Debug|Any CPU
		Release|Any CPU = Release|Any CPU
	EndGlobalSection
	GlobalSection(ProjectConfigurationPlatforms) = postSolution
		{A3A87065-FE7B-4675-8951-86AEDEAADE2A}.Debug|Any CPU.ActiveCfg = Debug|Any CPU
		{A3A87065-FE7B-4675-8951-86AEDEAADE2A}.Debug|Any CPU.Build.0 = Debug|Any CPU
		{A3A87065-FE7B-4675-8951-86AEDEAADE2A}.Release|Any CPU.ActiveCfg = Release|Any CPU
		{A3A87065-FE7B-4675-8951-86AEDEAADE2A}.Release|Any CPU.Build.0 = Release|Any CPU
		{EB3969D1-5DD5-4C56-BCF8-3A303A249861}.Debug|Any CPU.ActiveCfg = Debug|Any CPU
		{EB3969D1-5DD5-4C56-BCF8-3A303A249861}.Debug|Any CPU.Build.0 = Debug|Any CPU
		{EB3969D1-5DD5-4C56-BCF8-3A303A249861}.Release|Any CPU.ActiveCfg = Release|Any CPU
		{EB3969D1-5DD5-4C56-BCF8-3A303A249861}.Release|Any CPU.Build.0 = Release|Any CPU
		{5F11DC6C-C9E7-4A02-8332-EB0956F2B7CC}.Debug|Any CPU.ActiveCfg = Debug|Any CPU
		{5F11DC6C-C9E7-4A02-8332-EB0956F2B7CC}.Debug|Any CPU.Build.0 = Debug|Any CPU
		{5F11DC6C-C9E7-4A02-8332-EB0956F2B7CC}.Release|Any CPU.ActiveCfg = Release|Any CPU
		{5F11DC6C-C9E7-4A02-8332-EB0956F2B7CC}.Release|Any CPU.Build.0 = Release|Any CPU
		{AFFF49BF-ACA4-4373-9B7F-7ACF58612371}.Debug|Any CPU.ActiveCfg = Debug|Any CPU
		{AFFF49BF-ACA4-4373-9B7F-7ACF58612371}.Debug|Any CPU.Build.0 = Debug|Any CPU
		{AFFF49BF-ACA4-4373-9B7F-7ACF58612371}.Release|Any CPU.ActiveCfg = Release|Any CPU
		{AFFF49BF-ACA4-4373-9B7F-7ACF58612371}.Release|Any CPU.Build.0 = Release|Any CPU
		{6E50B3A8-909D-45A4-950D-0647920DC783}.Debug|Any CPU.ActiveCfg = Debug|Any CPU
		{6E50B3A8-909D-45A4-950D-0647920DC783}.Debug|Any CPU.Build.0 = Debug|Any CPU
		{6E50B3A8-909D-45A4-950D-0647920DC783}.Release|Any CPU.ActiveCfg = Release|Any CPU
		{6E50B3A8-909D-45A4-950D-0647920DC783}.Release|Any CPU.Build.0 = Release|Any CPU
		{9F7C8C1A-F360-4F1D-9ECE-6F445E158377}.Debug|Any CPU.ActiveCfg = Debug|Any CPU
		{9F7C8C1A-F360-4F1D-9ECE-6F445E158377}.Debug|Any CPU.Build.0 = Debug|Any CPU
		{9F7C8C1A-F360-4F1D-9ECE-6F445E158377}.Release|Any CPU.ActiveCfg = Release|Any CPU
		{9F7C8C1A-F360-4F1D-9ECE-6F445E158377}.Release|Any CPU.Build.0 = Release|Any CPU
		{E36C45B7-85E1-438D-B7F5-51E19C28E131}.Debug|Any CPU.ActiveCfg = Debug|Any CPU
		{E36C45B7-85E1-438D-B7F5-51E19C28E131}.Debug|Any CPU.Build.0 = Debug|Any CPU
		{E36C45B7-85E1-438D-B7F5-51E19C28E131}.Release|Any CPU.ActiveCfg = Release|Any CPU
		{E36C45B7-85E1-438D-B7F5-51E19C28E131}.Release|Any CPU.Build.0 = Release|Any CPU
		{05861F11-344B-4D03-9951-F54CE6D9497E}.Debug|Any CPU.ActiveCfg = Debug|Any CPU
		{05861F11-344B-4D03-9951-F54CE6D9497E}.Debug|Any CPU.Build.0 = Debug|Any CPU
		{05861F11-344B-4D03-9951-F54CE6D9497E}.Release|Any CPU.ActiveCfg = Release|Any CPU
		{05861F11-344B-4D03-9951-F54CE6D9497E}.Release|Any CPU.Build.0 = Release|Any CPU
		{24429C18-79CC-4160-81A1-46409118CEBF}.Debug|Any CPU.ActiveCfg = Debug|Any CPU
		{24429C18-79CC-4160-81A1-46409118CEBF}.Debug|Any CPU.Build.0 = Debug|Any CPU
		{24429C18-79CC-4160-81A1-46409118CEBF}.Release|Any CPU.ActiveCfg = Release|Any CPU
		{24429C18-79CC-4160-81A1-46409118CEBF}.Release|Any CPU.Build.0 = Release|Any CPU
		{649264A9-D2EA-46A3-B13A-227FE0D565BC}.Debug|Any CPU.ActiveCfg = Debug|Any CPU
		{649264A9-D2EA-46A3-B13A-227FE0D565BC}.Debug|Any CPU.Build.0 = Debug|Any CPU
		{649264A9-D2EA-46A3-B13A-227FE0D565BC}.Release|Any CPU.ActiveCfg = Release|Any CPU
		{649264A9-D2EA-46A3-B13A-227FE0D565BC}.Release|Any CPU.Build.0 = Release|Any CPU
		{26ACA0C7-6A84-4FC1-8154-E3204283FC48}.Debug|Any CPU.ActiveCfg = Debug|Any CPU
		{26ACA0C7-6A84-4FC1-8154-E3204283FC48}.Debug|Any CPU.Build.0 = Debug|Any CPU
		{26ACA0C7-6A84-4FC1-8154-E3204283FC48}.Release|Any CPU.ActiveCfg = Release|Any CPU
		{26ACA0C7-6A84-4FC1-8154-E3204283FC48}.Release|Any CPU.Build.0 = Release|Any CPU
		{A6F4E52A-5024-4E3A-8BD0-92661C0A62BB}.Debug|Any CPU.ActiveCfg = Debug|Any CPU
		{A6F4E52A-5024-4E3A-8BD0-92661C0A62BB}.Debug|Any CPU.Build.0 = Debug|Any CPU
		{A6F4E52A-5024-4E3A-8BD0-92661C0A62BB}.Release|Any CPU.ActiveCfg = Release|Any CPU
		{A6F4E52A-5024-4E3A-8BD0-92661C0A62BB}.Release|Any CPU.Build.0 = Release|Any CPU
		{834FCB1D-396D-4F79-95B1-30A57290F089}.Debug|Any CPU.ActiveCfg = Debug|Any CPU
		{834FCB1D-396D-4F79-95B1-30A57290F089}.Debug|Any CPU.Build.0 = Debug|Any CPU
		{834FCB1D-396D-4F79-95B1-30A57290F089}.Release|Any CPU.ActiveCfg = Release|Any CPU
		{834FCB1D-396D-4F79-95B1-30A57290F089}.Release|Any CPU.Build.0 = Release|Any CPU
	EndGlobalSection
	GlobalSection(SolutionProperties) = preSolution
		HideSolutionNode = FALSE
	EndGlobalSection
EndGlobal
