
Microsoft Visual Studio Solution File, Format Version 12.00
# Visual Studio 2013
VisualStudioVersion = 12.0.30501.0
MinimumVisualStudioVersion = 10.0.40219.1
Project("{FAE04EC0-301F-11D3-BF4B-00C04F79EFBC}") = "Atm.Models", "Atm.Models\Atm.Models.csproj", "{174B078E-0879-4640-8D12-25C8DFEDF921}"
EndProject
Project("{FAE04EC0-301F-11D3-BF4B-00C04F79EFBC}") = "Atm.Data", "Atm.Data\Atm.Data.csproj", "{4F7A3D83-9112-4B63-B4AE-951FD7640E6A}"
EndProject
Project("{FAE04EC0-301F-11D3-BF4B-00C04F79EFBC}") = "Atm.Wpf", "Atm.Wpf\Atm.Wpf.csproj", "{AA4327D7-347F-4EEE-A99A-7FB39B120998}"
EndProject
Global
	GlobalSection(SolutionConfigurationPlatforms) = preSolution
		Debug|Any CPU = Debug|Any CPU
		Release|Any CPU = Release|Any CPU
	EndGlobalSection
	GlobalSection(ProjectConfigurationPlatforms) = postSolution
		{174B078E-0879-4640-8D12-25C8DFEDF921}.Debug|Any CPU.ActiveCfg = Debug|Any CPU
		{174B078E-0879-4640-8D12-25C8DFEDF921}.Debug|Any CPU.Build.0 = Debug|Any CPU
		{174B078E-0879-4640-8D12-25C8DFEDF921}.Release|Any CPU.ActiveCfg = Release|Any CPU
		{174B078E-0879-4640-8D12-25C8DFEDF921}.Release|Any CPU.Build.0 = Release|Any CPU
		{4F7A3D83-9112-4B63-B4AE-951FD7640E6A}.Debug|Any CPU.ActiveCfg = Debug|Any CPU
		{4F7A3D83-9112-4B63-B4AE-951FD7640E6A}.Debug|Any CPU.Build.0 = Debug|Any CPU
		{4F7A3D83-9112-4B63-B4AE-951FD7640E6A}.Release|Any CPU.ActiveCfg = Release|Any CPU
		{4F7A3D83-9112-4B63-B4AE-951FD7640E6A}.Release|Any CPU.Build.0 = Release|Any CPU
		{AA4327D7-347F-4EEE-A99A-7FB39B120998}.Debug|Any CPU.ActiveCfg = Debug|Any CPU
		{AA4327D7-347F-4EEE-A99A-7FB39B120998}.Debug|Any CPU.Build.0 = Debug|Any CPU
		{AA4327D7-347F-4EEE-A99A-7FB39B120998}.Release|Any CPU.ActiveCfg = Release|Any CPU
		{AA4327D7-347F-4EEE-A99A-7FB39B120998}.Release|Any CPU.Build.0 = Release|Any CPU
	EndGlobalSection
	GlobalSection(SolutionProperties) = preSolution
		HideSolutionNode = FALSE
	EndGlobalSection
EndGlobal
